
Microsoft Visual Studio Solution File, Format Version 12.00
# Visual Studio Version 16
VisualStudioVersion = 16.0.29509.3
MinimumVisualStudioVersion = 10.0.40219.1
Project("{FAE04EC0-301F-11D3-BF4B-00C04F79EFBC}") = "FilmsDB", "FilmsDB\FilmsDB.csproj", "{F720464E-67D9-4FE5-9AAE-4CBCFD858420}"
EndProject
Global
	GlobalSection(SolutionConfigurationPlatforms) = preSolution
		Debug|Any CPU = Debug|Any CPU
		Release|Any CPU = Release|Any CPU
	EndGlobalSection
	GlobalSection(ProjectConfigurationPlatforms) = postSolution
		{F720464E-67D9-4FE5-9AAE-4CBCFD858420}.Debug|Any CPU.ActiveCfg = Debug|Any CPU
		{F720464E-67D9-4FE5-9AAE-4CBCFD858420}.Debug|Any CPU.Build.0 = Debug|Any CPU
		{F720464E-67D9-4FE5-9AAE-4CBCFD858420}.Release|Any CPU.ActiveCfg = Release|Any CPU
		{F720464E-67D9-4FE5-9AAE-4CBCFD858420}.Release|Any CPU.Build.0 = Release|Any CPU
	EndGlobalSection
	GlobalSection(SolutionProperties) = preSolution
		HideSolutionNode = FALSE
	EndGlobalSection
	GlobalSection(ExtensibilityGlobals) = postSolution
		SolutionGuid = {C079F29D-9F9C-4409-8395-D759009D3C2D}
	EndGlobalSection
EndGlobal
